
Microsoft Visual Studio Solution File, Format Version 12.00
# Visual Studio Version 17
VisualStudioVersion = 17.6.33801.468
MinimumVisualStudioVersion = 10.0.40219.1
Project("{D954291E-2A0B-460D-934E-DC6B0785DB48}") = "InScrutable", "InScrutable\InScrutable.shproj", "{75E793CE-4E35-4BC7-8C47-7F4DF4216764}"
EndProject
Global
	GlobalSection(SolutionProperties) = preSolution
		HideSolutionNode = FALSE
	EndGlobalSection
	GlobalSection(ExtensibilityGlobals) = postSolution
		SolutionGuid = {A7CC5717-182E-4245-A147-E77D25F3EC26}
	EndGlobalSection
	GlobalSection(SharedMSBuildProjectFiles) = preSolution
		InScrutable\InScrutable.projitems*{75e793ce-4e35-4bc7-8c47-7f4df4216764}*SharedItemsImports = 13
	EndGlobalSection
EndGlobal
