
Microsoft Visual Studio Solution File, Format Version 12.00
# Visual Studio Version 17
VisualStudioVersion = 17.6.33801.468
MinimumVisualStudioVersion = 10.0.40219.1
Project("{D954291E-2A0B-460D-934E-DC6B0785DB48}") = "InScrutable", "InScrutable\InScrutable.shproj", "{75E793CE-4E35-4BC7-8C47-7F4DF4216764}"
EndProject
Project("{FAE04EC0-301F-11D3-BF4B-00C04F79EFBC}") = "InScrutable.Test", "InScrutable.Test\InScrutable.Test.csproj", "{2264690C-3F60-460A-9835-846EE51FAC21}"
EndProject
Global
	GlobalSection(SolutionConfigurationPlatforms) = preSolution
		Debug|Any CPU = Debug|Any CPU
		Release|Any CPU = Release|Any CPU
	EndGlobalSection
	GlobalSection(ProjectConfigurationPlatforms) = postSolution
		{2264690C-3F60-460A-9835-846EE51FAC21}.Debug|Any CPU.ActiveCfg = Debug|Any CPU
		{2264690C-3F60-460A-9835-846EE51FAC21}.Debug|Any CPU.Build.0 = Debug|Any CPU
		{2264690C-3F60-460A-9835-846EE51FAC21}.Release|Any CPU.ActiveCfg = Release|Any CPU
		{2264690C-3F60-460A-9835-846EE51FAC21}.Release|Any CPU.Build.0 = Release|Any CPU
	EndGlobalSection
	GlobalSection(SolutionProperties) = preSolution
		HideSolutionNode = FALSE
	EndGlobalSection
	GlobalSection(ExtensibilityGlobals) = postSolution
		SolutionGuid = {A7CC5717-182E-4245-A147-E77D25F3EC26}
	EndGlobalSection
	GlobalSection(SharedMSBuildProjectFiles) = preSolution
		InScrutable\InScrutable.projitems*{2264690c-3f60-460a-9835-846ee51fac21}*SharedItemsImports = 5
		InScrutable\InScrutable.projitems*{75e793ce-4e35-4bc7-8c47-7f4df4216764}*SharedItemsImports = 13
	EndGlobalSection
EndGlobal
